{
  "originHash" : "fa1b1257be17e34f3339f6fb111b96a8da75b4da82f9d6c0e971ef64ab55aa95",
  "pins" : [
    {
      "identity" : "wwhud",
      "kind" : "remoteSourceControl",
      "location" : "https://github.com/William-Weng/WWHUD.git",
      "state" : {
        "revision" : "b8db2cdf70698c073842df293cfe0946ca0690d5",
        "version" : "1.3.3"
      }
    },
    {
      "identity" : "wwnetworking",
      "kind" : "remoteSourceControl",
      "location" : "https://github.com/William-Weng/WWNetworking.git",
      "state" : {
        "revision" : "9e41bb9f5ed6b19030389b77c0a73520844a20f5",
        "version" : "1.7.5"
      }
    },
    {
      "identity" : "wwsimpleai_gemini",
      "kind" : "remoteSourceControl",
      "location" : "https://github.com/William-Weng/WWSimpleAI_Gemini",
      "state" : {
        "revision" : "5e03ce790940c4b29c2855df250e6fb98e3f6309",
        "version" : "1.0.0"
      }
    },
    {
      "identity" : "wwsimpleai_ollama",
      "kind" : "remoteSourceControl",
      "location" : "https://github.com/William-Weng/WWSimpleAI_Ollama",
      "state" : {
        "revision" : "7fc1483d2d40112949a68060679a0eaeaeb289aa",
        "version" : "1.0.0"
      }
    }
  ],
  "version" : 3
}
